
Microsoft Visual Studio Solution File, Format Version 12.00
# Visual Studio Version 17
VisualStudioVersion = 17.9.34728.123
MinimumVisualStudioVersion = 10.0.40219.1
Project("{9A19103F-16F7-4668-BE54-9A1E7A4F7556}") = "WebAPI", "WebAPI\WebAPI.csproj", "{23F5F150-1EE1-4D92-82E7-90A363CB18AA}"
	ProjectSection(ProjectDependencies) = postProject
		{F3B9FF83-6986-4839-9D3D-DB939CF7C8BA} = {F3B9FF83-6986-4839-9D3D-DB939CF7C8BA}
	EndProjectSection
EndProject
Project("{9A19103F-16F7-4668-BE54-9A1E7A4F7556}") = "DataAccessLayer", "Database\DataAccessLayer.csproj", "{F3B9FF83-6986-4839-9D3D-DB939CF7C8BA}"
EndProject
Project("{9A19103F-16F7-4668-BE54-9A1E7A4F7556}") = "Logic", "Logic\Logic.csproj", "{B7DC665A-83CC-400C-B62B-0AF001EB1B3B}"
EndProject
Project("{9A19103F-16F7-4668-BE54-9A1E7A4F7556}") = "Interfaces", "Interfaces\Interfaces.csproj", "{C36B5B1B-E784-4F46-AEB8-12A546E87787}"
EndProject
Project("{9A19103F-16F7-4668-BE54-9A1E7A4F7556}") = "Unit_Tests", "Unit_Tests\Unit_Tests.csproj", "{C78F7A42-AD7D-493A-B118-DC9E115B1356}"
EndProject
Project("{2150E333-8FDC-42A3-9474-1A3956D46DE8}") = "Solution Items", "Solution Items", "{661DF575-0AA2-47EB-BF23-67DC65D47443}"
	ProjectSection(SolutionItems) = preProject
		Dockerfile = Dockerfile
	EndProjectSection
EndProject
Global
	GlobalSection(SolutionConfigurationPlatforms) = preSolution
		Debug|Any CPU = Debug|Any CPU
		Release|Any CPU = Release|Any CPU
	EndGlobalSection
	GlobalSection(ProjectConfigurationPlatforms) = postSolution
		{23F5F150-1EE1-4D92-82E7-90A363CB18AA}.Debug|Any CPU.ActiveCfg = Debug|Any CPU
		{23F5F150-1EE1-4D92-82E7-90A363CB18AA}.Debug|Any CPU.Build.0 = Debug|Any CPU
		{23F5F150-1EE1-4D92-82E7-90A363CB18AA}.Release|Any CPU.ActiveCfg = Release|Any CPU
		{23F5F150-1EE1-4D92-82E7-90A363CB18AA}.Release|Any CPU.Build.0 = Release|Any CPU
		{F3B9FF83-6986-4839-9D3D-DB939CF7C8BA}.Debug|Any CPU.ActiveCfg = Debug|Any CPU
		{F3B9FF83-6986-4839-9D3D-DB939CF7C8BA}.Debug|Any CPU.Build.0 = Debug|Any CPU
		{F3B9FF83-6986-4839-9D3D-DB939CF7C8BA}.Release|Any CPU.ActiveCfg = Release|Any CPU
		{F3B9FF83-6986-4839-9D3D-DB939CF7C8BA}.Release|Any CPU.Build.0 = Release|Any CPU
		{B7DC665A-83CC-400C-B62B-0AF001EB1B3B}.Debug|Any CPU.ActiveCfg = Debug|Any CPU
		{B7DC665A-83CC-400C-B62B-0AF001EB1B3B}.Debug|Any CPU.Build.0 = Debug|Any CPU
		{B7DC665A-83CC-400C-B62B-0AF001EB1B3B}.Release|Any CPU.ActiveCfg = Release|Any CPU
		{B7DC665A-83CC-400C-B62B-0AF001EB1B3B}.Release|Any CPU.Build.0 = Release|Any CPU
		{C36B5B1B-E784-4F46-AEB8-12A546E87787}.Debug|Any CPU.ActiveCfg = Debug|Any CPU
		{C36B5B1B-E784-4F46-AEB8-12A546E87787}.Debug|Any CPU.Build.0 = Debug|Any CPU
		{C36B5B1B-E784-4F46-AEB8-12A546E87787}.Release|Any CPU.ActiveCfg = Release|Any CPU
		{C36B5B1B-E784-4F46-AEB8-12A546E87787}.Release|Any CPU.Build.0 = Release|Any CPU
		{C78F7A42-AD7D-493A-B118-DC9E115B1356}.Debug|Any CPU.ActiveCfg = Debug|Any CPU
		{C78F7A42-AD7D-493A-B118-DC9E115B1356}.Debug|Any CPU.Build.0 = Debug|Any CPU
		{C78F7A42-AD7D-493A-B118-DC9E115B1356}.Release|Any CPU.ActiveCfg = Release|Any CPU
		{C78F7A42-AD7D-493A-B118-DC9E115B1356}.Release|Any CPU.Build.0 = Release|Any CPU
	EndGlobalSection
	GlobalSection(SolutionProperties) = preSolution
		HideSolutionNode = FALSE
	EndGlobalSection
	GlobalSection(ExtensibilityGlobals) = postSolution
		SolutionGuid = {668FE7FA-EA79-4CD9-AE1A-E3A8EBE51C59}
	EndGlobalSection
EndGlobal
